
Microsoft Visual Studio Solution File, Format Version 12.00
# Visual Studio Version 16
VisualStudioVersion = 16.0.29728.190
MinimumVisualStudioVersion = 10.0.40219.1
Project("{FAE04EC0-301F-11D3-BF4B-00C04F79EFBC}") = "KeyboardOSWindows", "KeyboardOSWindows\KeyboardOSWindows.csproj", "{B0D1DC51-2F41-4598-990D-DEE422A51D3C}"
EndProject
Global
	GlobalSection(SolutionConfigurationPlatforms) = preSolution
		Debug|Any CPU = Debug|Any CPU
		Release|Any CPU = Release|Any CPU
	EndGlobalSection
	GlobalSection(ProjectConfigurationPlatforms) = postSolution
		{B0D1DC51-2F41-4598-990D-DEE422A51D3C}.Debug|Any CPU.ActiveCfg = Debug|Any CPU
		{B0D1DC51-2F41-4598-990D-DEE422A51D3C}.Debug|Any CPU.Build.0 = Debug|Any CPU
		{B0D1DC51-2F41-4598-990D-DEE422A51D3C}.Release|Any CPU.ActiveCfg = Release|Any CPU
		{B0D1DC51-2F41-4598-990D-DEE422A51D3C}.Release|Any CPU.Build.0 = Release|Any CPU
	EndGlobalSection
	GlobalSection(SolutionProperties) = preSolution
		HideSolutionNode = FALSE
	EndGlobalSection
	GlobalSection(ExtensibilityGlobals) = postSolution
		SolutionGuid = {6D3736FF-784A-4182-9A0D-70095D9FA10B}
	EndGlobalSection
EndGlobal
